
Microsoft Visual Studio Solution File, Format Version 12.00
# Visual Studio Version 17
VisualStudioVersion = 17.11.35327.3
MinimumVisualStudioVersion = 10.0.40219.1
Project("{9A19103F-16F7-4668-BE54-9A1E7A4F7556}") = "ex01", "ex01\ex01.csproj", "{96479221-1F86-467E-822F-2120045A48D8}"
EndProject
Project("{9A19103F-16F7-4668-BE54-9A1E7A4F7556}") = "ex02", "ex02\ex02.csproj", "{84CD724A-6F96-4DFD-B4A9-1ACF2D997A6D}"
EndProject
Project("{9A19103F-16F7-4668-BE54-9A1E7A4F7556}") = "ex03", "ex03\ex03.csproj", "{2B5DA64A-3780-496A-9096-F4A31B300E48}"
EndProject
Project("{FAE04EC0-301F-11D3-BF4B-00C04F79EFBC}") = "ex04", "ex04\ex04.csproj", "{C33421CD-8D01-4920-9D0F-C624989F5E88}"
EndProject
Global
	GlobalSection(SolutionConfigurationPlatforms) = preSolution
		Debug|Any CPU = Debug|Any CPU
		Release|Any CPU = Release|Any CPU
	EndGlobalSection
	GlobalSection(ProjectConfigurationPlatforms) = postSolution
		{96479221-1F86-467E-822F-2120045A48D8}.Debug|Any CPU.ActiveCfg = Debug|Any CPU
		{96479221-1F86-467E-822F-2120045A48D8}.Debug|Any CPU.Build.0 = Debug|Any CPU
		{96479221-1F86-467E-822F-2120045A48D8}.Release|Any CPU.ActiveCfg = Release|Any CPU
		{96479221-1F86-467E-822F-2120045A48D8}.Release|Any CPU.Build.0 = Release|Any CPU
		{84CD724A-6F96-4DFD-B4A9-1ACF2D997A6D}.Debug|Any CPU.ActiveCfg = Debug|Any CPU
		{84CD724A-6F96-4DFD-B4A9-1ACF2D997A6D}.Debug|Any CPU.Build.0 = Debug|Any CPU
		{84CD724A-6F96-4DFD-B4A9-1ACF2D997A6D}.Release|Any CPU.ActiveCfg = Release|Any CPU
		{84CD724A-6F96-4DFD-B4A9-1ACF2D997A6D}.Release|Any CPU.Build.0 = Release|Any CPU
		{2B5DA64A-3780-496A-9096-F4A31B300E48}.Debug|Any CPU.ActiveCfg = Debug|Any CPU
		{2B5DA64A-3780-496A-9096-F4A31B300E48}.Debug|Any CPU.Build.0 = Debug|Any CPU
		{2B5DA64A-3780-496A-9096-F4A31B300E48}.Release|Any CPU.ActiveCfg = Release|Any CPU
		{2B5DA64A-3780-496A-9096-F4A31B300E48}.Release|Any CPU.Build.0 = Release|Any CPU
		{C33421CD-8D01-4920-9D0F-C624989F5E88}.Debug|Any CPU.ActiveCfg = Debug|Any CPU
		{C33421CD-8D01-4920-9D0F-C624989F5E88}.Debug|Any CPU.Build.0 = Debug|Any CPU
		{C33421CD-8D01-4920-9D0F-C624989F5E88}.Release|Any CPU.ActiveCfg = Release|Any CPU
		{C33421CD-8D01-4920-9D0F-C624989F5E88}.Release|Any CPU.Build.0 = Release|Any CPU
	EndGlobalSection
	GlobalSection(SolutionProperties) = preSolution
		HideSolutionNode = FALSE
	EndGlobalSection
	GlobalSection(ExtensibilityGlobals) = postSolution
		SolutionGuid = {0ADD7AA8-C5EE-45B5-9B9E-4EC7F0BCF842}
	EndGlobalSection
EndGlobal
